
Microsoft Visual Studio Solution File, Format Version 12.00
# Visual Studio Version 17
VisualStudioVersion = 17.11.35312.102
MinimumVisualStudioVersion = 10.0.40219.1
Project("{9A19103F-16F7-4668-BE54-9A1E7A4F7556}") = "HangScheduler.Api", "HangScheduler.Api.csproj", "{95018304-015D-4360-831C-4E51D7B8D2B4}"
EndProject
Global
	GlobalSection(SolutionConfigurationPlatforms) = preSolution
		Debug|Any CPU = Debug|Any CPU
		Release|Any CPU = Release|Any CPU
	EndGlobalSection
	GlobalSection(ProjectConfigurationPlatforms) = postSolution
		{95018304-015D-4360-831C-4E51D7B8D2B4}.Debug|Any CPU.ActiveCfg = Debug|Any CPU
		{95018304-015D-4360-831C-4E51D7B8D2B4}.Debug|Any CPU.Build.0 = Debug|Any CPU
		{95018304-015D-4360-831C-4E51D7B8D2B4}.Release|Any CPU.ActiveCfg = Release|Any CPU
		{95018304-015D-4360-831C-4E51D7B8D2B4}.Release|Any CPU.Build.0 = Release|Any CPU
	EndGlobalSection
	GlobalSection(SolutionProperties) = preSolution
		HideSolutionNode = FALSE
	EndGlobalSection
	GlobalSection(ExtensibilityGlobals) = postSolution
		SolutionGuid = {A9C98A16-2116-4C48-9663-24210E9AFE2F}
	EndGlobalSection
EndGlobal
